// !$*UTF8*$!
{
	archiveVersion = 1;
	classes = {
	};
	objectVersion = 50;
	objects = {

/* Begin PBXBuildFile section */
		270DFB82219945C900A37404 /* AppDelegate.swift in Sources */ = {isa = PBXBuildFile; fileRef = 270DFB81219945C900A37404 /* AppDelegate.swift */; };
		270DFB84219945C900A37404 /* HomeController.swift in Sources */ = {isa = PBXBuildFile; fileRef = 270DFB83219945C900A37404 /* HomeController.swift */; };
		270DFB87219945C900A37404 /* Main.storyboard in Resources */ = {isa = PBXBuildFile; fileRef = 270DFB85219945C900A37404 /* Main.storyboard */; };
		270DFB89219945CA00A37404 /* Assets.xcassets in Resources */ = {isa = PBXBuildFile; fileRef = 270DFB88219945CA00A37404 /* Assets.xcassets */; };
		270DFB8C219945CA00A37404 /* LaunchScreen.storyboard in Resources */ = {isa = PBXBuildFile; fileRef = 270DFB8A219945CA00A37404 /* LaunchScreen.storyboard */; };
		2712C63A21E4786300DECD9F /* GoogleService-Info.plist in Resources */ = {isa = PBXBuildFile; fileRef = 2712C63921E4786300DECD9F /* GoogleService-Info.plist */; };
		2712C63C21E83B0B00DECD9F /* Bindable.swift in Sources */ = {isa = PBXBuildFile; fileRef = 2712C63B21E83B0B00DECD9F /* Bindable.swift */; };
		27243433221A7D21006117BE /* MatchView.swift in Sources */ = {isa = PBXBuildFile; fileRef = 27243432221A7D21006117BE /* MatchView.swift */; };
		27243435221B4499006117BE /* SendMessageButton.swift in Sources */ = {isa = PBXBuildFile; fileRef = 27243434221B4499006117BE /* SendMessageButton.swift */; };
		27243437221B44CD006117BE /* KeepSwipingButton.swift in Sources */ = {isa = PBXBuildFile; fileRef = 27243436221B44CD006117BE /* KeepSwipingButton.swift */; };
		2724483122A8361500D5032B /* ChatLogController.swift in Sources */ = {isa = PBXBuildFile; fileRef = 2724483022A8361500D5032B /* ChatLogController.swift */; };
		2724483322A83B4800D5032B /* MessagesNavBar.swift in Sources */ = {isa = PBXBuildFile; fileRef = 2724483222A83B4800D5032B /* MessagesNavBar.swift */; };
		2724483522AA42D800D5032B /* MessageCell.swift in Sources */ = {isa = PBXBuildFile; fileRef = 2724483422AA42D800D5032B /* MessageCell.swift */; };
		2724483722AA46D100D5032B /* Message.swift in Sources */ = {isa = PBXBuildFile; fileRef = 2724483622AA46D100D5032B /* Message.swift */; };
		2725718021FEB189007AF94B /* SettingsController.swift in Sources */ = {isa = PBXBuildFile; fileRef = 2725717F21FEB189007AF94B /* SettingsController.swift */; };
		27257182220175BC007AF94B /* SettingsCell.swift in Sources */ = {isa = PBXBuildFile; fileRef = 27257181220175BC007AF94B /* SettingsCell.swift */; };
		27267EC3220EB24900205401 /* UserDetailsController.swift in Sources */ = {isa = PBXBuildFile; fileRef = 27267EC2220EB24900205401 /* UserDetailsController.swift */; };
		27267EC5220FCAE100205401 /* SwipingPhotosController.swift in Sources */ = {isa = PBXBuildFile; fileRef = 27267EC4220FCAE100205401 /* SwipingPhotosController.swift */; };
		272969172213F3E40086D591 /* PhotoController.swift in Sources */ = {isa = PBXBuildFile; fileRef = 272969162213F3E40086D591 /* PhotoController.swift */; };
		272A56002207FE07000B964C /* AgeRangeCell.swift in Sources */ = {isa = PBXBuildFile; fileRef = 272A55FF2207FE07000B964C /* AgeRangeCell.swift */; };
		272A5604220BF6F6000B964C /* LoginController.swift in Sources */ = {isa = PBXBuildFile; fileRef = 272A5602220BF6F6000B964C /* LoginController.swift */; };
		272A5605220BF6F6000B964C /* LoginViewModel.swift in Sources */ = {isa = PBXBuildFile; fileRef = 272A5603220BF6F6000B964C /* LoginViewModel.swift */; };
		272B11E621A1E21F00B5014B /* TopNavigationStackView.swift in Sources */ = {isa = PBXBuildFile; fileRef = 272B11E521A1E21F00B5014B /* TopNavigationStackView.swift */; };
		272B11E821A23BC700B5014B /* CardView.swift in Sources */ = {isa = PBXBuildFile; fileRef = 272B11E721A23BC700B5014B /* CardView.swift */; };
		272B11EB21ABB00E00B5014B /* User.swift in Sources */ = {isa = PBXBuildFile; fileRef = 272B11EA21ABB00E00B5014B /* User.swift */; };
		272B11EF21B4EC2F00B5014B /* CardViewModel.swift in Sources */ = {isa = PBXBuildFile; fileRef = 272B11EE21B4EC2F00B5014B /* CardViewModel.swift */; };
		272CEDA821C0D7F200EFCBE2 /* Advertiser.swift in Sources */ = {isa = PBXBuildFile; fileRef = 272CEDA721C0D7F200EFCBE2 /* Advertiser.swift */; };
		2789A5AF219BED7E0009230B /* HomeBottomControlsStackView.swift in Sources */ = {isa = PBXBuildFile; fileRef = 2789A5AE219BED7E0009230B /* HomeBottomControlsStackView.swift */; };
		27B9B8B7229DD681002171DC /* Musiques.ttf in Resources */ = {isa = PBXBuildFile; fileRef = 27B9B8B3229A7837002171DC /* Musiques.ttf */; };
		27B9B8B8229DD681002171DC /* Luna.ttf in Resources */ = {isa = PBXBuildFile; fileRef = 27B9B8B2229A7837002171DC /* Luna.ttf */; };
		27B9B8BB22A4CA4B002171DC /* MatchesMessagesController.swift in Sources */ = {isa = PBXBuildFile; fileRef = 27B9B8BA22A4CA4B002171DC /* MatchesMessagesController.swift */; };
		27B9B8BD22A4CD75002171DC /* Extensions.swift in Sources */ = {isa = PBXBuildFile; fileRef = 27B9B8BC22A4CD75002171DC /* Extensions.swift */; };
		27B9B8BF22A4D7D0002171DC /* MatchesNavBar.swift in Sources */ = {isa = PBXBuildFile; fileRef = 27B9B8BE22A4D7D0002171DC /* MatchesNavBar.swift */; };
		27D89C0D21DC75CC007123BB /* RegistrationController.swift in Sources */ = {isa = PBXBuildFile; fileRef = 27D89C0C21DC75CC007123BB /* RegistrationController.swift */; };
		27D89C0F21DC81F4007123BB /* CustomTextField.swift in Sources */ = {isa = PBXBuildFile; fileRef = 27D89C0E21DC81F4007123BB /* CustomTextField.swift */; };
		27D89C1121E3201E007123BB /* RegistrationViewModel.swift in Sources */ = {isa = PBXBuildFile; fileRef = 27D89C1021E3201E007123BB /* RegistrationViewModel.swift */; };
		AA18AD7D314A805F1EE2E984 /* Pods_Handee.framework in Frameworks */ = {isa = PBXBuildFile; fileRef = F79E350DDFB81E3E96753F8E /* Pods_Handee.framework */; };
/* End PBXBuildFile section */

/* Begin PBXFileReference section */
		270DFB7E219945C900A37404 /* Handee.app */ = {isa = PBXFileReference; explicitFileType = wrapper.application; includeInIndex = 0; path = Handee.app; sourceTree = BUILT_PRODUCTS_DIR; };
		270DFB81219945C900A37404 /* AppDelegate.swift */ = {isa = PBXFileReference; lastKnownFileType = sourcecode.swift; path = AppDelegate.swift; sourceTree = "<group>"; };
		270DFB83219945C900A37404 /* HomeController.swift */ = {isa = PBXFileReference; lastKnownFileType = sourcecode.swift; path = HomeController.swift; sourceTree = "<group>"; };
		270DFB86219945C900A37404 /* Base */ = {isa = PBXFileReference; lastKnownFileType = file.storyboard; name = Base; path = Base.lproj/Main.storyboard; sourceTree = "<group>"; };
		270DFB88219945CA00A37404 /* Assets.xcassets */ = {isa = PBXFileReference; lastKnownFileType = folder.assetcatalog; path = Assets.xcassets; sourceTree = "<group>"; };
		270DFB8B219945CA00A37404 /* Base */ = {isa = PBXFileReference; lastKnownFileType = file.storyboard; name = Base; path = Base.lproj/LaunchScreen.storyboard; sourceTree = "<group>"; };
		270DFB8D219945CA00A37404 /* Info.plist */ = {isa = PBXFileReference; lastKnownFileType = text.plist.xml; path = Info.plist; sourceTree = "<group>"; };
		2712C63921E4786300DECD9F /* GoogleService-Info.plist */ = {isa = PBXFileReference; fileEncoding = 4; lastKnownFileType = text.plist.xml; path = "GoogleService-Info.plist"; sourceTree = "<group>"; };
		2712C63B21E83B0B00DECD9F /* Bindable.swift */ = {isa = PBXFileReference; lastKnownFileType = sourcecode.swift; path = Bindable.swift; sourceTree = "<group>"; };
		27243432221A7D21006117BE /* MatchView.swift */ = {isa = PBXFileReference; lastKnownFileType = sourcecode.swift; path = MatchView.swift; sourceTree = "<group>"; };
		27243434221B4499006117BE /* SendMessageButton.swift */ = {isa = PBXFileReference; lastKnownFileType = sourcecode.swift; path = SendMessageButton.swift; sourceTree = "<group>"; };
		27243436221B44CD006117BE /* KeepSwipingButton.swift */ = {isa = PBXFileReference; lastKnownFileType = sourcecode.swift; path = KeepSwipingButton.swift; sourceTree = "<group>"; };
		2724483022A8361500D5032B /* ChatLogController.swift */ = {isa = PBXFileReference; lastKnownFileType = sourcecode.swift; path = ChatLogController.swift; sourceTree = "<group>"; };
		2724483222A83B4800D5032B /* MessagesNavBar.swift */ = {isa = PBXFileReference; lastKnownFileType = sourcecode.swift; path = MessagesNavBar.swift; sourceTree = "<group>"; };
		2724483422AA42D800D5032B /* MessageCell.swift */ = {isa = PBXFileReference; lastKnownFileType = sourcecode.swift; path = MessageCell.swift; sourceTree = "<group>"; };
		2724483622AA46D100D5032B /* Message.swift */ = {isa = PBXFileReference; lastKnownFileType = sourcecode.swift; path = Message.swift; sourceTree = "<group>"; };
		2725717F21FEB189007AF94B /* SettingsController.swift */ = {isa = PBXFileReference; lastKnownFileType = sourcecode.swift; path = SettingsController.swift; sourceTree = "<group>"; };
		27257181220175BC007AF94B /* SettingsCell.swift */ = {isa = PBXFileReference; lastKnownFileType = sourcecode.swift; path = SettingsCell.swift; sourceTree = "<group>"; };
		27267EC2220EB24900205401 /* UserDetailsController.swift */ = {isa = PBXFileReference; lastKnownFileType = sourcecode.swift; path = UserDetailsController.swift; sourceTree = "<group>"; };
		27267EC4220FCAE100205401 /* SwipingPhotosController.swift */ = {isa = PBXFileReference; lastKnownFileType = sourcecode.swift; path = SwipingPhotosController.swift; sourceTree = "<group>"; };
		272969162213F3E40086D591 /* PhotoController.swift */ = {isa = PBXFileReference; lastKnownFileType = sourcecode.swift; path = PhotoController.swift; sourceTree = "<group>"; };
		272A55FF2207FE07000B964C /* AgeRangeCell.swift */ = {isa = PBXFileReference; lastKnownFileType = sourcecode.swift; path = AgeRangeCell.swift; sourceTree = "<group>"; };
		272A5602220BF6F6000B964C /* LoginController.swift */ = {isa = PBXFileReference; fileEncoding = 4; lastKnownFileType = sourcecode.swift; path = LoginController.swift; sourceTree = "<group>"; };
		272A5603220BF6F6000B964C /* LoginViewModel.swift */ = {isa = PBXFileReference; fileEncoding = 4; lastKnownFileType = sourcecode.swift; path = LoginViewModel.swift; sourceTree = "<group>"; };
		272B11E521A1E21F00B5014B /* TopNavigationStackView.swift */ = {isa = PBXFileReference; lastKnownFileType = sourcecode.swift; path = TopNavigationStackView.swift; sourceTree = "<group>"; };
		272B11E721A23BC700B5014B /* CardView.swift */ = {isa = PBXFileReference; lastKnownFileType = sourcecode.swift; path = CardView.swift; sourceTree = "<group>"; };
		272B11EA21ABB00E00B5014B /* User.swift */ = {isa = PBXFileReference; lastKnownFileType = sourcecode.swift; path = User.swift; sourceTree = "<group>"; };
		272B11EE21B4EC2F00B5014B /* CardViewModel.swift */ = {isa = PBXFileReference; lastKnownFileType = sourcecode.swift; path = CardViewModel.swift; sourceTree = "<group>"; };
		272CEDA721C0D7F200EFCBE2 /* Advertiser.swift */ = {isa = PBXFileReference; lastKnownFileType = sourcecode.swift; path = Advertiser.swift; sourceTree = "<group>"; };
		2789A5AE219BED7E0009230B /* HomeBottomControlsStackView.swift */ = {isa = PBXFileReference; lastKnownFileType = sourcecode.swift; path = HomeBottomControlsStackView.swift; sourceTree = "<group>"; };
		27B9B8B2229A7837002171DC /* Luna.ttf */ = {isa = PBXFileReference; lastKnownFileType = file; path = Luna.ttf; sourceTree = "<group>"; };
		27B9B8B3229A7837002171DC /* Musiques.ttf */ = {isa = PBXFileReference; lastKnownFileType = file; path = Musiques.ttf; sourceTree = "<group>"; };
		27B9B8BA22A4CA4B002171DC /* MatchesMessagesController.swift */ = {isa = PBXFileReference; lastKnownFileType = sourcecode.swift; path = MatchesMessagesController.swift; sourceTree = "<group>"; };
		27B9B8BC22A4CD75002171DC /* Extensions.swift */ = {isa = PBXFileReference; lastKnownFileType = sourcecode.swift; path = Extensions.swift; sourceTree = "<group>"; };
		27B9B8BE22A4D7D0002171DC /* MatchesNavBar.swift */ = {isa = PBXFileReference; lastKnownFileType = sourcecode.swift; path = MatchesNavBar.swift; sourceTree = "<group>"; };
		27D89C0C21DC75CC007123BB /* RegistrationController.swift */ = {isa = PBXFileReference; lastKnownFileType = sourcecode.swift; path = RegistrationController.swift; sourceTree = "<group>"; };
		27D89C0E21DC81F4007123BB /* CustomTextField.swift */ = {isa = PBXFileReference; lastKnownFileType = sourcecode.swift; path = CustomTextField.swift; sourceTree = "<group>"; };
		27D89C1021E3201E007123BB /* RegistrationViewModel.swift */ = {isa = PBXFileReference; lastKnownFileType = sourcecode.swift; path = RegistrationViewModel.swift; sourceTree = "<group>"; };
		74266000C5A8EAFD6237A9FA /* Pods-Handee.debug.xcconfig */ = {isa = PBXFileReference; includeInIndex = 1; lastKnownFileType = text.xcconfig; name = "Pods-Handee.debug.xcconfig"; path = "Pods/Target Support Files/Pods-Handee/Pods-Handee.debug.xcconfig"; sourceTree = "<group>"; };
		F79E350DDFB81E3E96753F8E /* Pods_Handee.framework */ = {isa = PBXFileReference; explicitFileType = wrapper.framework; includeInIndex = 0; path = Pods_Handee.framework; sourceTree = BUILT_PRODUCTS_DIR; };
		F86D20686CABD56A9327CED4 /* Pods-Handee.release.xcconfig */ = {isa = PBXFileReference; includeInIndex = 1; lastKnownFileType = text.xcconfig; name = "Pods-Handee.release.xcconfig"; path = "Pods/Target Support Files/Pods-Handee/Pods-Handee.release.xcconfig"; sourceTree = "<group>"; };
/* End PBXFileReference section */

/* Begin PBXFrameworksBuildPhase section */
		270DFB7B219945C800A37404 /* Frameworks */ = {
			isa = PBXFrameworksBuildPhase;
			buildActionMask = 2147483647;
			files = (
				AA18AD7D314A805F1EE2E984 /* Pods_Handee.framework in Frameworks */,
			);
			runOnlyForDeploymentPostprocessing = 0;
		};
/* End PBXFrameworksBuildPhase section */

/* Begin PBXGroup section */
		091D13D80510B21DCE2A0E43 /* Pods */ = {
			isa = PBXGroup;
			children = (
				74266000C5A8EAFD6237A9FA /* Pods-Handee.debug.xcconfig */,
				F86D20686CABD56A9327CED4 /* Pods-Handee.release.xcconfig */,
			);
			name = Pods;
			sourceTree = "<group>";
		};
		270DFB75219945C800A37404 = {
			isa = PBXGroup;
			children = (
				270DFB80219945C900A37404 /* Handee */,
				270DFB7F219945C900A37404 /* Products */,
				091D13D80510B21DCE2A0E43 /* Pods */,
				473ACAB71BB56DD88CEFC802 /* Frameworks */,
			);
			sourceTree = "<group>";
		};
		270DFB7F219945C900A37404 /* Products */ = {
			isa = PBXGroup;
			children = (
				270DFB7E219945C900A37404 /* Handee.app */,
			);
			name = Products;
			sourceTree = "<group>";
		};
		270DFB80219945C900A37404 /* Handee */ = {
			isa = PBXGroup;
			children = (
				27B9B8B922A4CA31002171DC /* MatchesMessages */,
				27267EC1220EB21E00205401 /* User Details */,
				272A5601220BF683000B964C /* Login */,
				27B9B8B4229BBD1B002171DC /* Fonts */,
				272B11ED21B4EC1300B5014B /* ViewModels */,
				272B11EC21B4EB7600B5014B /* Controllers */,
				272B11E921ABAFFE00B5014B /* Model */,
				2789A5AD219BED200009230B /* Views */,
				270DFB81219945C900A37404 /* AppDelegate.swift */,
				270DFB85219945C900A37404 /* Main.storyboard */,
				270DFB88219945CA00A37404 /* Assets.xcassets */,
				270DFB8A219945CA00A37404 /* LaunchScreen.storyboard */,
				2712C63921E4786300DECD9F /* GoogleService-Info.plist */,
				270DFB8D219945CA00A37404 /* Info.plist */,
			);
			path = Handee;
			sourceTree = "<group>";
		};
		27267EC1220EB21E00205401 /* User Details */ = {
			isa = PBXGroup;
			children = (
				27267EC2220EB24900205401 /* UserDetailsController.swift */,
				27267EC4220FCAE100205401 /* SwipingPhotosController.swift */,
			);
			path = "User Details";
			sourceTree = "<group>";
		};
		272A5601220BF683000B964C /* Login */ = {
			isa = PBXGroup;
			children = (
				272A5602220BF6F6000B964C /* LoginController.swift */,
				272A5603220BF6F6000B964C /* LoginViewModel.swift */,
			);
			path = Login;
			sourceTree = "<group>";
		};
		272B11E921ABAFFE00B5014B /* Model */ = {
			isa = PBXGroup;
			children = (
				272B11EA21ABB00E00B5014B /* User.swift */,
				272CEDA721C0D7F200EFCBE2 /* Advertiser.swift */,
				27B9B8BC22A4CD75002171DC /* Extensions.swift */,
			);
			path = Model;
			sourceTree = "<group>";
		};
		272B11EC21B4EB7600B5014B /* Controllers */ = {
			isa = PBXGroup;
			children = (
				270DFB83219945C900A37404 /* HomeController.swift */,
				27D89C0C21DC75CC007123BB /* RegistrationController.swift */,
				27D89C0E21DC81F4007123BB /* CustomTextField.swift */,
				2712C63B21E83B0B00DECD9F /* Bindable.swift */,
				2725717F21FEB189007AF94B /* SettingsController.swift */,
				272969162213F3E40086D591 /* PhotoController.swift */,
			);
			path = Controllers;
			sourceTree = "<group>";
		};
		272B11ED21B4EC1300B5014B /* ViewModels */ = {
			isa = PBXGroup;
			children = (
				272B11EE21B4EC2F00B5014B /* CardViewModel.swift */,
				27D89C1021E3201E007123BB /* RegistrationViewModel.swift */,
			);
			path = ViewModels;
			sourceTree = "<group>";
		};
		2789A5AD219BED200009230B /* Views */ = {
			isa = PBXGroup;
			children = (
				2789A5AE219BED7E0009230B /* HomeBottomControlsStackView.swift */,
				272B11E521A1E21F00B5014B /* TopNavigationStackView.swift */,
				272B11E721A23BC700B5014B /* CardView.swift */,
				27257181220175BC007AF94B /* SettingsCell.swift */,
				272A55FF2207FE07000B964C /* AgeRangeCell.swift */,
				27243432221A7D21006117BE /* MatchView.swift */,
				27243434221B4499006117BE /* SendMessageButton.swift */,
				27243436221B44CD006117BE /* KeepSwipingButton.swift */,
			);
			path = Views;
			sourceTree = "<group>";
		};
		27B9B8B4229BBD1B002171DC /* Fonts */ = {
			isa = PBXGroup;
			children = (
				27B9B8B3229A7837002171DC /* Musiques.ttf */,
				27B9B8B2229A7837002171DC /* Luna.ttf */,
			);
			path = Fonts;
			sourceTree = "<group>";
		};
		27B9B8B922A4CA31002171DC /* MatchesMessages */ = {
			isa = PBXGroup;
			children = (
				27B9B8BA22A4CA4B002171DC /* MatchesMessagesController.swift */,
				27B9B8BE22A4D7D0002171DC /* MatchesNavBar.swift */,
				2724483022A8361500D5032B /* ChatLogController.swift */,
				2724483222A83B4800D5032B /* MessagesNavBar.swift */,
				2724483422AA42D800D5032B /* MessageCell.swift */,
				2724483622AA46D100D5032B /* Message.swift */,
			);
			path = MatchesMessages;
			sourceTree = "<group>";
		};
		473ACAB71BB56DD88CEFC802 /* Frameworks */ = {
			isa = PBXGroup;
			children = (
				F79E350DDFB81E3E96753F8E /* Pods_Handee.framework */,
			);
			name = Frameworks;
			sourceTree = "<group>";
		};
/* End PBXGroup section */

/* Begin PBXNativeTarget section */
		270DFB7D219945C800A37404 /* Handee */ = {
			isa = PBXNativeTarget;
			buildConfigurationList = 270DFB90219945CA00A37404 /* Build configuration list for PBXNativeTarget "Handee" */;
			buildPhases = (
				832B484C7EEF71B8D740DEAF /* [CP] Check Pods Manifest.lock */,
				270DFB7A219945C800A37404 /* Sources */,
				270DFB7B219945C800A37404 /* Frameworks */,
				270DFB7C219945C800A37404 /* Resources */,
				5DD8FB348C0FF038FA485FAA /* [CP] Embed Pods Frameworks */,
				0CD87E13CE337AF4C0A4791C /* [CP] Copy Pods Resources */,
			);
			buildRules = (
			);
			dependencies = (
			);
			name = Handee;
			productName = Handee;
			productReference = 270DFB7E219945C900A37404 /* Handee.app */;
			productType = "com.apple.product-type.application";
		};
/* End PBXNativeTarget section */

/* Begin PBXProject section */
		270DFB76219945C800A37404 /* Project object */ = {
			isa = PBXProject;
			attributes = {
				LastSwiftUpdateCheck = 1010;
				LastUpgradeCheck = 1010;
				ORGANIZATIONNAME = "Raul Fernando Gutierrez";
				TargetAttributes = {
					270DFB7D219945C800A37404 = {
						CreatedOnToolsVersion = 10.1;
					};
				};
			};
			buildConfigurationList = 270DFB79219945C800A37404 /* Build configuration list for PBXProject "Handee" */;
			compatibilityVersion = "Xcode 9.3";
			developmentRegion = en;
			hasScannedForEncodings = 0;
			knownRegions = (
				en,
				Base,
			);
			mainGroup = 270DFB75219945C800A37404;
			productRefGroup = 270DFB7F219945C900A37404 /* Products */;
			projectDirPath = "";
			projectRoot = "";
			targets = (
				270DFB7D219945C800A37404 /* Handee */,
			);
		};
/* End PBXProject section */

/* Begin PBXResourcesBuildPhase section */
		270DFB7C219945C800A37404 /* Resources */ = {
			isa = PBXResourcesBuildPhase;
			buildActionMask = 2147483647;
			files = (
				27B9B8B8229DD681002171DC /* Luna.ttf in Resources */,
				270DFB8C219945CA00A37404 /* LaunchScreen.storyboard in Resources */,
				2712C63A21E4786300DECD9F /* GoogleService-Info.plist in Resources */,
				270DFB89219945CA00A37404 /* Assets.xcassets in Resources */,
				270DFB87219945C900A37404 /* Main.storyboard in Resources */,
				27B9B8B7229DD681002171DC /* Musiques.ttf in Resources */,
			);
			runOnlyForDeploymentPostprocessing = 0;
		};
/* End PBXResourcesBuildPhase section */

/* Begin PBXShellScriptBuildPhase section */
		0CD87E13CE337AF4C0A4791C /* [CP] Copy Pods Resources */ = {
			isa = PBXShellScriptBuildPhase;
			buildActionMask = 2147483647;
			files = (
			);
			inputPaths = (
				"${SRCROOT}/Pods/Target Support Files/Pods-Handee/Pods-Handee-resources.sh",
				"${PODS_CONFIGURATION_BUILD_DIR}/FirebaseFirestore/gRPCCertificates-Firestore.bundle",
			);
			name = "[CP] Copy Pods Resources";
			outputPaths = (
				"${TARGET_BUILD_DIR}/${UNLOCALIZED_RESOURCES_FOLDER_PATH}/gRPCCertificates-Firestore.bundle",
			);
			runOnlyForDeploymentPostprocessing = 0;
			shellPath = /bin/sh;
			shellScript = "\"${SRCROOT}/Pods/Target Support Files/Pods-Handee/Pods-Handee-resources.sh\"\n";
			showEnvVarsInLog = 0;
		};
		5DD8FB348C0FF038FA485FAA /* [CP] Embed Pods Frameworks */ = {
			isa = PBXShellScriptBuildPhase;
			buildActionMask = 2147483647;
			files = (
			);
			inputPaths = (
				"${SRCROOT}/Pods/Target Support Files/Pods-Handee/Pods-Handee-frameworks.sh",
				"${BUILT_PRODUCTS_DIR}/Alamofire/Alamofire.framework",
				"${BUILT_PRODUCTS_DIR}/BoringSSL/openssl.framework",
				"${BUILT_PRODUCTS_DIR}/GTMSessionFetcher/GTMSessionFetcher.framework",
				"${BUILT_PRODUCTS_DIR}/GoogleUtilities/GoogleUtilities.framework",
				"${BUILT_PRODUCTS_DIR}/JGProgressHUD/JGProgressHUD.framework",
				"${BUILT_PRODUCTS_DIR}/LBTATools/LBTATools.framework",
				"${BUILT_PRODUCTS_DIR}/NVActivityIndicatorView/NVActivityIndicatorView.framework",
				"${BUILT_PRODUCTS_DIR}/Protobuf/Protobuf.framework",
				"${BUILT_PRODUCTS_DIR}/SDWebImage/SDWebImage.framework",
				"${BUILT_PRODUCTS_DIR}/SwiftyJSON/SwiftyJSON.framework",
				"${BUILT_PRODUCTS_DIR}/gRPC-C++/grpcpp.framework",
				"${BUILT_PRODUCTS_DIR}/gRPC-Core/grpc.framework",
				"${BUILT_PRODUCTS_DIR}/leveldb-library/leveldb.framework",
				"${BUILT_PRODUCTS_DIR}/nanopb/nanopb.framework",
			);
			name = "[CP] Embed Pods Frameworks";
			outputPaths = (
				"${TARGET_BUILD_DIR}/${FRAMEWORKS_FOLDER_PATH}/Alamofire.framework",
				"${TARGET_BUILD_DIR}/${FRAMEWORKS_FOLDER_PATH}/openssl.framework",
				"${TARGET_BUILD_DIR}/${FRAMEWORKS_FOLDER_PATH}/GTMSessionFetcher.framework",
				"${TARGET_BUILD_DIR}/${FRAMEWORKS_FOLDER_PATH}/GoogleUtilities.framework",
				"${TARGET_BUILD_DIR}/${FRAMEWORKS_FOLDER_PATH}/JGProgressHUD.framework",
				"${TARGET_BUILD_DIR}/${FRAMEWORKS_FOLDER_PATH}/LBTATools.framework",
				"${TARGET_BUILD_DIR}/${FRAMEWORKS_FOLDER_PATH}/NVActivityIndicatorView.framework",
				"${TARGET_BUILD_DIR}/${FRAMEWORKS_FOLDER_PATH}/Protobuf.framework",
				"${TARGET_BUILD_DIR}/${FRAMEWORKS_FOLDER_PATH}/SDWebImage.framework",
				"${TARGET_BUILD_DIR}/${FRAMEWORKS_FOLDER_PATH}/SwiftyJSON.framework",
				"${TARGET_BUILD_DIR}/${FRAMEWORKS_FOLDER_PATH}/grpcpp.framework",
				"${TARGET_BUILD_DIR}/${FRAMEWORKS_FOLDER_PATH}/grpc.framework",
				"${TARGET_BUILD_DIR}/${FRAMEWORKS_FOLDER_PATH}/leveldb.framework",
				"${TARGET_BUILD_DIR}/${FRAMEWORKS_FOLDER_PATH}/nanopb.framework",
			);
			runOnlyForDeploymentPostprocessing = 0;
			shellPath = /bin/sh;
			shellScript = "\"${SRCROOT}/Pods/Target Support Files/Pods-Handee/Pods-Handee-frameworks.sh\"\n";
			showEnvVarsInLog = 0;
		};
		832B484C7EEF71B8D740DEAF /* [CP] Check Pods Manifest.lock */ = {
			isa = PBXShellScriptBuildPhase;
			buildActionMask = 2147483647;
			files = (
			);
			inputPaths = (
				"${PODS_PODFILE_DIR_PATH}/Podfile.lock",
				"${PODS_ROOT}/Manifest.lock",
			);
			name = "[CP] Check Pods Manifest.lock";
			outputPaths = (
				"$(DERIVED_FILE_DIR)/Pods-Handee-checkManifestLockResult.txt",
			);
			runOnlyForDeploymentPostprocessing = 0;
			shellPath = /bin/sh;
			shellScript = "diff \"${PODS_PODFILE_DIR_PATH}/Podfile.lock\" \"${PODS_ROOT}/Manifest.lock\" > /dev/null\nif [ $? != 0 ] ; then\n    # print error to STDERR\n    echo \"error: The sandbox is not in sync with the Podfile.lock. Run 'pod install' or update your CocoaPods installation.\" >&2\n    exit 1\nfi\n# This output is used by Xcode 'outputs' to avoid re-running this script phase.\necho \"SUCCESS\" > \"${SCRIPT_OUTPUT_FILE_0}\"\n";
			showEnvVarsInLog = 0;
		};
/* End PBXShellScriptBuildPhase section */

/* Begin PBXSourcesBuildPhase section */
		270DFB7A219945C800A37404 /* Sources */ = {
			isa = PBXSourcesBuildPhase;
			buildActionMask = 2147483647;
			files = (
				2724483122A8361500D5032B /* ChatLogController.swift in Sources */,
				27267EC3220EB24900205401 /* UserDetailsController.swift in Sources */,
				2712C63C21E83B0B00DECD9F /* Bindable.swift in Sources */,
				270DFB84219945C900A37404 /* HomeController.swift in Sources */,
				272969172213F3E40086D591 /* PhotoController.swift in Sources */,
				2724483322A83B4800D5032B /* MessagesNavBar.swift in Sources */,
				27D89C1121E3201E007123BB /* RegistrationViewModel.swift in Sources */,
				27D89C0F21DC81F4007123BB /* CustomTextField.swift in Sources */,
				2724483522AA42D800D5032B /* MessageCell.swift in Sources */,
				2789A5AF219BED7E0009230B /* HomeBottomControlsStackView.swift in Sources */,
				272CEDA821C0D7F200EFCBE2 /* Advertiser.swift in Sources */,
				270DFB82219945C900A37404 /* AppDelegate.swift in Sources */,
				272A56002207FE07000B964C /* AgeRangeCell.swift in Sources */,
				27243433221A7D21006117BE /* MatchView.swift in Sources */,
				272A5605220BF6F6000B964C /* LoginViewModel.swift in Sources */,
				27B9B8BB22A4CA4B002171DC /* MatchesMessagesController.swift in Sources */,
				272B11EF21B4EC2F00B5014B /* CardViewModel.swift in Sources */,
				27243435221B4499006117BE /* SendMessageButton.swift in Sources */,
				272B11E821A23BC700B5014B /* CardView.swift in Sources */,
				272A5604220BF6F6000B964C /* LoginController.swift in Sources */,
				2725718021FEB189007AF94B /* SettingsController.swift in Sources */,
				272B11E621A1E21F00B5014B /* TopNavigationStackView.swift in Sources */,
				27D89C0D21DC75CC007123BB /* RegistrationController.swift in Sources */,
				27B9B8BD22A4CD75002171DC /* Extensions.swift in Sources */,
				27243437221B44CD006117BE /* KeepSwipingButton.swift in Sources */,
				272B11EB21ABB00E00B5014B /* User.swift in Sources */,
				27267EC5220FCAE100205401 /* SwipingPhotosController.swift in Sources */,
				2724483722AA46D100D5032B /* Message.swift in Sources */,
				27257182220175BC007AF94B /* SettingsCell.swift in Sources */,
				27B9B8BF22A4D7D0002171DC /* MatchesNavBar.swift in Sources */,
			);
			runOnlyForDeploymentPostprocessing = 0;
		};
/* End PBXSourcesBuildPhase section */

/* Begin PBXVariantGroup section */
		270DFB85219945C900A37404 /* Main.storyboard */ = {
			isa = PBXVariantGroup;
			children = (
				270DFB86219945C900A37404 /* Base */,
			);
			name = Main.storyboard;
			sourceTree = "<group>";
		};
		270DFB8A219945CA00A37404 /* LaunchScreen.storyboard */ = {
			isa = PBXVariantGroup;
			children = (
				270DFB8B219945CA00A37404 /* Base */,
			);
			name = LaunchScreen.storyboard;
			sourceTree = "<group>";
		};
/* End PBXVariantGroup section */

/* Begin XCBuildConfiguration section */
		270DFB8E219945CA00A37404 /* Debug */ = {
			isa = XCBuildConfiguration;
			buildSettings = {
				ALWAYS_SEARCH_USER_PATHS = NO;
				CLANG_ANALYZER_NONNULL = YES;
				CLANG_ANALYZER_NUMBER_OBJECT_CONVERSION = YES_AGGRESSIVE;
				CLANG_CXX_LANGUAGE_STANDARD = "gnu++14";
				CLANG_CXX_LIBRARY = "libc++";
				CLANG_ENABLE_MODULES = YES;
				CLANG_ENABLE_OBJC_ARC = YES;
				CLANG_ENABLE_OBJC_WEAK = YES;
				CLANG_WARN_BLOCK_CAPTURE_AUTORELEASING = YES;
				CLANG_WARN_BOOL_CONVERSION = YES;
				CLANG_WARN_COMMA = YES;
				CLANG_WARN_CONSTANT_CONVERSION = YES;
				CLANG_WARN_DEPRECATED_OBJC_IMPLEMENTATIONS = YES;
				CLANG_WARN_DIRECT_OBJC_ISA_USAGE = YES_ERROR;
				CLANG_WARN_DOCUMENTATION_COMMENTS = YES;
				CLANG_WARN_EMPTY_BODY = YES;
				CLANG_WARN_ENUM_CONVERSION = YES;
				CLANG_WARN_INFINITE_RECURSION = YES;
				CLANG_WARN_INT_CONVERSION = YES;
				CLANG_WARN_NON_LITERAL_NULL_CONVERSION = YES;
				CLANG_WARN_OBJC_IMPLICIT_RETAIN_SELF = YES;
				CLANG_WARN_OBJC_LITERAL_CONVERSION = YES;
				CLANG_WARN_OBJC_ROOT_CLASS = YES_ERROR;
				CLANG_WARN_RANGE_LOOP_ANALYSIS = YES;
				CLANG_WARN_STRICT_PROTOTYPES = YES;
				CLANG_WARN_SUSPICIOUS_MOVE = YES;
				CLANG_WARN_UNGUARDED_AVAILABILITY = YES_AGGRESSIVE;
				CLANG_WARN_UNREACHABLE_CODE = YES;
				CLANG_WARN__DUPLICATE_METHOD_MATCH = YES;
				CODE_SIGN_IDENTITY = "iPhone Developer";
				COPY_PHASE_STRIP = NO;
				DEBUG_INFORMATION_FORMAT = dwarf;
				ENABLE_STRICT_OBJC_MSGSEND = YES;
				ENABLE_TESTABILITY = YES;
				GCC_C_LANGUAGE_STANDARD = gnu11;
				GCC_DYNAMIC_NO_PIC = NO;
				GCC_NO_COMMON_BLOCKS = YES;
				GCC_OPTIMIZATION_LEVEL = 0;
				GCC_PREPROCESSOR_DEFINITIONS = (
					"DEBUG=1",
					"$(inherited)",
				);
				GCC_WARN_64_TO_32_BIT_CONVERSION = YES;
				GCC_WARN_ABOUT_RETURN_TYPE = YES_ERROR;
				GCC_WARN_UNDECLARED_SELECTOR = YES;
				GCC_WARN_UNINITIALIZED_AUTOS = YES_AGGRESSIVE;
				GCC_WARN_UNUSED_FUNCTION = YES;
				GCC_WARN_UNUSED_VARIABLE = YES;
				IPHONEOS_DEPLOYMENT_TARGET = 12.1;
				MTL_ENABLE_DEBUG_INFO = INCLUDE_SOURCE;
				MTL_FAST_MATH = YES;
				ONLY_ACTIVE_ARCH = YES;
				SDKROOT = iphoneos;
				SWIFT_ACTIVE_COMPILATION_CONDITIONS = DEBUG;
				SWIFT_OPTIMIZATION_LEVEL = "-Onone";
			};
			name = Debug;
		};
		270DFB8F219945CA00A37404 /* Release */ = {
			isa = XCBuildConfiguration;
			buildSettings = {
				ALWAYS_SEARCH_USER_PATHS = NO;
				CLANG_ANALYZER_NONNULL = YES;
				CLANG_ANALYZER_NUMBER_OBJECT_CONVERSION = YES_AGGRESSIVE;
				CLANG_CXX_LANGUAGE_STANDARD = "gnu++14";
				CLANG_CXX_LIBRARY = "libc++";
				CLANG_ENABLE_MODULES = YES;
				CLANG_ENABLE_OBJC_ARC = YES;
				CLANG_ENABLE_OBJC_WEAK = YES;
				CLANG_WARN_BLOCK_CAPTURE_AUTORELEASING = YES;
				CLANG_WARN_BOOL_CONVERSION = YES;
				CLANG_WARN_COMMA = YES;
				CLANG_WARN_CONSTANT_CONVERSION = YES;
				CLANG_WARN_DEPRECATED_OBJC_IMPLEMENTATIONS = YES;
				CLANG_WARN_DIRECT_OBJC_ISA_USAGE = YES_ERROR;
				CLANG_WARN_DOCUMENTATION_COMMENTS = YES;
				CLANG_WARN_EMPTY_BODY = YES;
				CLANG_WARN_ENUM_CONVERSION = YES;
				CLANG_WARN_INFINITE_RECURSION = YES;
				CLANG_WARN_INT_CONVERSION = YES;
				CLANG_WARN_NON_LITERAL_NULL_CONVERSION = YES;
				CLANG_WARN_OBJC_IMPLICIT_RETAIN_SELF = YES;
				CLANG_WARN_OBJC_LITERAL_CONVERSION = YES;
				CLANG_WARN_OBJC_ROOT_CLASS = YES_ERROR;
				CLANG_WARN_RANGE_LOOP_ANALYSIS = YES;
				CLANG_WARN_STRICT_PROTOTYPES = YES;
				CLANG_WARN_SUSPICIOUS_MOVE = YES;
				CLANG_WARN_UNGUARDED_AVAILABILITY = YES_AGGRESSIVE;
				CLANG_WARN_UNREACHABLE_CODE = YES;
				CLANG_WARN__DUPLICATE_METHOD_MATCH = YES;
				CODE_SIGN_IDENTITY = "iPhone Developer";
				COPY_PHASE_STRIP = NO;
				DEBUG_INFORMATION_FORMAT = "dwarf-with-dsym";
				ENABLE_NS_ASSERTIONS = NO;
				ENABLE_STRICT_OBJC_MSGSEND = YES;
				GCC_C_LANGUAGE_STANDARD = gnu11;
				GCC_NO_COMMON_BLOCKS = YES;
				GCC_WARN_64_TO_32_BIT_CONVERSION = YES;
				GCC_WARN_ABOUT_RETURN_TYPE = YES_ERROR;
				GCC_WARN_UNDECLARED_SELECTOR = YES;
				GCC_WARN_UNINITIALIZED_AUTOS = YES_AGGRESSIVE;
				GCC_WARN_UNUSED_FUNCTION = YES;
				GCC_WARN_UNUSED_VARIABLE = YES;
				IPHONEOS_DEPLOYMENT_TARGET = 12.1;
				MTL_ENABLE_DEBUG_INFO = NO;
				MTL_FAST_MATH = YES;
				SDKROOT = iphoneos;
				SWIFT_COMPILATION_MODE = wholemodule;
				SWIFT_OPTIMIZATION_LEVEL = "-O";
				VALIDATE_PRODUCT = YES;
			};
			name = Release;
		};
		270DFB91219945CA00A37404 /* Debug */ = {
			isa = XCBuildConfiguration;
			baseConfigurationReference = 74266000C5A8EAFD6237A9FA /* Pods-Handee.debug.xcconfig */;
			buildSettings = {
				ASSETCATALOG_COMPILER_APPICON_NAME = AppIcon;
				CODE_SIGN_STYLE = Automatic;
				DEVELOPMENT_TEAM = 5MAN2N8ZNM;
				INFOPLIST_FILE = Handee/Info.plist;
				LD_RUNPATH_SEARCH_PATHS = (
					"$(inherited)",
					"@executable_path/Frameworks",
				);
				PRODUCT_BUNDLE_IDENTIFIER = TheWorldChico.Handee;
				PRODUCT_NAME = "$(TARGET_NAME)";
				SWIFT_VERSION = 4.2;
				TARGETED_DEVICE_FAMILY = "1,2";
			};
			name = Debug;
		};
		270DFB92219945CA00A37404 /* Release */ = {
			isa = XCBuildConfiguration;
			baseConfigurationReference = F86D20686CABD56A9327CED4 /* Pods-Handee.release.xcconfig */;
			buildSettings = {
				ASSETCATALOG_COMPILER_APPICON_NAME = AppIcon;
				CODE_SIGN_STYLE = Automatic;
				DEVELOPMENT_TEAM = 5MAN2N8ZNM;
				INFOPLIST_FILE = Handee/Info.plist;
				LD_RUNPATH_SEARCH_PATHS = (
					"$(inherited)",
					"@executable_path/Frameworks",
				);
				PRODUCT_BUNDLE_IDENTIFIER = TheWorldChico.Handee;
				PRODUCT_NAME = "$(TARGET_NAME)";
				SWIFT_VERSION = 4.2;
				TARGETED_DEVICE_FAMILY = "1,2";
			};
			name = Release;
		};
/* End XCBuildConfiguration section */

/* Begin XCConfigurationList section */
		270DFB79219945C800A37404 /* Build configuration list for PBXProject "Handee" */ = {
			isa = XCConfigurationList;
			buildConfigurations = (
				270DFB8E219945CA00A37404 /* Debug */,
				270DFB8F219945CA00A37404 /* Release */,
			);
			defaultConfigurationIsVisible = 0;
			defaultConfigurationName = Release;
		};
		270DFB90219945CA00A37404 /* Build configuration list for PBXNativeTarget "Handee" */ = {
			isa = XCConfigurationList;
			buildConfigurations = (
				270DFB91219945CA00A37404 /* Debug */,
				270DFB92219945CA00A37404 /* Release */,
			);
			defaultConfigurationIsVisible = 0;
			defaultConfigurationName = Release;
		};
/* End XCConfigurationList section */
	};
	rootObject = 270DFB76219945C800A37404 /* Project object */;
}
